<?xml version="1.0" encoding="utf-8"?>
<Project ToolsVersion="4.0" xmlns="http://schemas.microsoft.com/developer/msbuild/2003">
  <ItemGroup>
    <Filter Include="源文件">
      <UniqueIdentifier>{4FC737F1-C7A5-4376-A066-2A32D752A2FF}</UniqueIdentifier>
      <Extensions>cpp;c;cc;cxx;def;odl;idl;hpj;bat;asm;asmx</Extensions>
    </Filter>
    <Filter Include="头文件">
      <UniqueIdentifier>{93995380-89BD-4b04-88EB-625FBE52EBFB}</UniqueIdentifier>
      <Extensions>h;hh;hpp;hxx;hm;inl;inc;xsd</Extensions>
    </Filter>
    <Filter Include="资源文件">
      <UniqueIdentifier>{67DA6AB6-F800-4c08-8B7A-83BB121AAD01}</UniqueIdentifier>
      <Extensions>rc;ico;cur;bmp;dlg;rc2;rct;bin;rgs;gif;jpg;jpeg;jpe;resx;tiff;tif;png;wav;mfcribbon-ms</Extensions>
    </Filter>
  </ItemGroup>
  <ItemGroup>
    <Text Include="ReadMe.txt" />
  </ItemGroup>
  <ItemGroup>
    <ClInclude Include="stdafx.h">
      <Filter>头文件</Filter>
    </ClInclude>
    <ClInclude Include="targetver.h">
      <Filter>头文件</Filter>
    </ClInclude>
    <ClInclude Include="resource.h">
      <Filter>头文件</Filter>
    </ClInclude>
    <ClInclude Include="taskschedule\prih\window_thread_creator.h">
      <Filter>头文件</Filter>
    </ClInclude>
    <ClInclude Include="taskschedule\pubh\active_object_engine.h">
      <Filter>头文件</Filter>
    </ClInclude>
    <ClInclude Include="taskschedule\pubh\command_if.h">
      <Filter>头文件</Filter>
    </ClInclude>
    <ClInclude Include="taskschedule\pubh\delay_and_repeat.h">
      <Filter>头文件</Filter>
    </ClInclude>
    <ClInclude Include="taskschedule\pubh\runnable_if.h">
      <Filter>头文件</Filter>
    </ClInclude>
    <ClInclude Include="taskschedule\pubh\sleep_command.h">
      <Filter>头文件</Filter>
    </ClInclude>
    <ClInclude Include="taskschedule\pubh\smart_prt.h">
      <Filter>头文件</Filter>
    </ClInclude>
    <ClInclude Include="taskschedule\pubh\thread.h">
      <Filter>头文件</Filter>
    </ClInclude>
    <ClInclude Include="semaphone\pubh\comm_semephore.h">
      <Filter>头文件</Filter>
    </ClInclude>
    <ClInclude Include="pubh\action_id.h">
      <Filter>头文件</Filter>
    </ClInclude>
    <ClInclude Include="pubh\message.h">
      <Filter>头文件</Filter>
    </ClInclude>
    <ClInclude Include="pubh\to_string_if.h">
      <Filter>头文件</Filter>
    </ClInclude>
    <ClInclude Include="pubh\define.h">
      <Filter>头文件</Filter>
    </ClInclude>
    <ClInclude Include="pubh\comm_type_def.h">
      <Filter>头文件</Filter>
    </ClInclude>
    <ClInclude Include="pubh\action_if.h">
      <Filter>头文件</Filter>
    </ClInclude>
  </ItemGroup>
  <ItemGroup>
    <ClCompile Include="stdafx.cpp">
      <Filter>源文件</Filter>
    </ClCompile>
    <ClCompile Include="main.cpp">
      <Filter>源文件</Filter>
    </ClCompile>
    <ClCompile Include="taskschedule\port\window_thread_creator.cpp">
      <Filter>源文件</Filter>
    </ClCompile>
    <ClCompile Include="taskschedule\source\active_object_engine.cpp">
      <Filter>源文件</Filter>
    </ClCompile>
    <ClCompile Include="taskschedule\source\delay_and_repeat.cpp">
      <Filter>源文件</Filter>
    </ClCompile>
    <ClCompile Include="taskschedule\source\sleep_command.cpp">
      <Filter>源文件</Filter>
    </ClCompile>
    <ClCompile Include="semaphone\source\comm_semaphore.cpp">
      <Filter>源文件</Filter>
    </ClCompile>
  </ItemGroup>
  <ItemGroup>
    <ResourceCompile Include="ActiveObjectEngine.rc">
      <Filter>资源文件</Filter>
    </ResourceCompile>
  </ItemGroup>
</Project>